
Microsoft Visual Studio Solution File, Format Version 12.00
# Visual Studio Version 17
VisualStudioVersion = 17.1.32328.378
MinimumVisualStudioVersion = 10.0.40219.1
Project("{FAE04EC0-301F-11D3-BF4B-00C04F79EFBC}") = "Singleton", "Singleton\Singleton.csproj", "{9008226C-EA76-4FD8-8074-12FB5AFDE333}"
EndProject
Project("{FAE04EC0-301F-11D3-BF4B-00C04F79EFBC}") = "Clone", "Clone\Clone.csproj", "{268982DD-AA55-43D6-B863-FB85B6C8C939}"
EndProject
Project("{FAE04EC0-301F-11D3-BF4B-00C04F79EFBC}") = "BuilderPattern", "BuilderPattern\BuilderPattern.csproj", "{0FB26A6C-08EC-4ACE-BBE3-C6065B821754}"
EndProject
Global
	GlobalSection(SolutionConfigurationPlatforms) = preSolution
		Debug|Any CPU = Debug|Any CPU
		Release|Any CPU = Release|Any CPU
	EndGlobalSection
	GlobalSection(ProjectConfigurationPlatforms) = postSolution
		{9008226C-EA76-4FD8-8074-12FB5AFDE333}.Debug|Any CPU.ActiveCfg = Debug|Any CPU
		{9008226C-EA76-4FD8-8074-12FB5AFDE333}.Debug|Any CPU.Build.0 = Debug|Any CPU
		{9008226C-EA76-4FD8-8074-12FB5AFDE333}.Release|Any CPU.ActiveCfg = Release|Any CPU
		{9008226C-EA76-4FD8-8074-12FB5AFDE333}.Release|Any CPU.Build.0 = Release|Any CPU
		{268982DD-AA55-43D6-B863-FB85B6C8C939}.Debug|Any CPU.ActiveCfg = Debug|Any CPU
		{268982DD-AA55-43D6-B863-FB85B6C8C939}.Debug|Any CPU.Build.0 = Debug|Any CPU
		{268982DD-AA55-43D6-B863-FB85B6C8C939}.Release|Any CPU.ActiveCfg = Release|Any CPU
		{268982DD-AA55-43D6-B863-FB85B6C8C939}.Release|Any CPU.Build.0 = Release|Any CPU
		{0FB26A6C-08EC-4ACE-BBE3-C6065B821754}.Debug|Any CPU.ActiveCfg = Debug|Any CPU
		{0FB26A6C-08EC-4ACE-BBE3-C6065B821754}.Debug|Any CPU.Build.0 = Debug|Any CPU
		{0FB26A6C-08EC-4ACE-BBE3-C6065B821754}.Release|Any CPU.ActiveCfg = Release|Any CPU
		{0FB26A6C-08EC-4ACE-BBE3-C6065B821754}.Release|Any CPU.Build.0 = Release|Any CPU
	EndGlobalSection
	GlobalSection(SolutionProperties) = preSolution
		HideSolutionNode = FALSE
	EndGlobalSection
	GlobalSection(ExtensibilityGlobals) = postSolution
		SolutionGuid = {821BCCDC-2268-41DE-B3DE-60D1CA8C2E88}
	EndGlobalSection
EndGlobal
