
Microsoft Visual Studio Solution File, Format Version 12.00
# Visual Studio Version 17
VisualStudioVersion = 17.1.32328.378
MinimumVisualStudioVersion = 10.0.40219.1
Project("{9A19103F-16F7-4668-BE54-9A1E7A4F7556}") = "Singleton", "Singleton\Singleton.csproj", "{9008226C-EA76-4FD8-8074-12FB5AFDE333}"
EndProject
Project("{9A19103F-16F7-4668-BE54-9A1E7A4F7556}") = "Clone", "Clone\Clone.csproj", "{268982DD-AA55-43D6-B863-FB85B6C8C939}"
EndProject
Project("{9A19103F-16F7-4668-BE54-9A1E7A4F7556}") = "BuilderPattern", "BuilderPattern\BuilderPattern.csproj", "{0FB26A6C-08EC-4ACE-BBE3-C6065B821754}"
EndProject
Project("{9A19103F-16F7-4668-BE54-9A1E7A4F7556}") = "FactoryMethodPattern", "FactoryMethodPattern\FactoryMethodPattern.csproj", "{DC8261D2-DE02-4F45-BC0E-5D6254740741}"
EndProject
Project("{9A19103F-16F7-4668-BE54-9A1E7A4F7556}") = "AbstractFactoryPattern", "AbstractFactoryPattern\AbstractFactoryPattern.csproj", "{DA73ADFF-AB55-4D06-93AD-DC3ABE877EE7}"
EndProject
Project("{9A19103F-16F7-4668-BE54-9A1E7A4F7556}") = "Proxy", "Proxy\Proxy.csproj", "{60AB6B56-84E5-46B7-A156-5F1E692826B4}"
EndProject
Project("{9A19103F-16F7-4668-BE54-9A1E7A4F7556}") = "Decorator", "Decorator\Decorator.csproj", "{83D7986F-44AD-479E-BC7C-111B88284803}"
EndProject
Project("{FAE04EC0-301F-11D3-BF4B-00C04F79EFBC}") = "AdapterPattern", "AdapterPattern\AdapterPattern.csproj", "{1D1BD02D-4016-4A91-A892-985E60E0FF73}"
EndProject
Global
	GlobalSection(SolutionConfigurationPlatforms) = preSolution
		Debug|Any CPU = Debug|Any CPU
		Release|Any CPU = Release|Any CPU
	EndGlobalSection
	GlobalSection(ProjectConfigurationPlatforms) = postSolution
		{9008226C-EA76-4FD8-8074-12FB5AFDE333}.Debug|Any CPU.ActiveCfg = Debug|Any CPU
		{9008226C-EA76-4FD8-8074-12FB5AFDE333}.Debug|Any CPU.Build.0 = Debug|Any CPU
		{9008226C-EA76-4FD8-8074-12FB5AFDE333}.Release|Any CPU.ActiveCfg = Release|Any CPU
		{9008226C-EA76-4FD8-8074-12FB5AFDE333}.Release|Any CPU.Build.0 = Release|Any CPU
		{268982DD-AA55-43D6-B863-FB85B6C8C939}.Debug|Any CPU.ActiveCfg = Debug|Any CPU
		{268982DD-AA55-43D6-B863-FB85B6C8C939}.Debug|Any CPU.Build.0 = Debug|Any CPU
		{268982DD-AA55-43D6-B863-FB85B6C8C939}.Release|Any CPU.ActiveCfg = Release|Any CPU
		{268982DD-AA55-43D6-B863-FB85B6C8C939}.Release|Any CPU.Build.0 = Release|Any CPU
		{0FB26A6C-08EC-4ACE-BBE3-C6065B821754}.Debug|Any CPU.ActiveCfg = Debug|Any CPU
		{0FB26A6C-08EC-4ACE-BBE3-C6065B821754}.Debug|Any CPU.Build.0 = Debug|Any CPU
		{0FB26A6C-08EC-4ACE-BBE3-C6065B821754}.Release|Any CPU.ActiveCfg = Release|Any CPU
		{0FB26A6C-08EC-4ACE-BBE3-C6065B821754}.Release|Any CPU.Build.0 = Release|Any CPU
		{DC8261D2-DE02-4F45-BC0E-5D6254740741}.Debug|Any CPU.ActiveCfg = Debug|Any CPU
		{DC8261D2-DE02-4F45-BC0E-5D6254740741}.Debug|Any CPU.Build.0 = Debug|Any CPU
		{DC8261D2-DE02-4F45-BC0E-5D6254740741}.Release|Any CPU.ActiveCfg = Release|Any CPU
		{DC8261D2-DE02-4F45-BC0E-5D6254740741}.Release|Any CPU.Build.0 = Release|Any CPU
		{DA73ADFF-AB55-4D06-93AD-DC3ABE877EE7}.Debug|Any CPU.ActiveCfg = Debug|Any CPU
		{DA73ADFF-AB55-4D06-93AD-DC3ABE877EE7}.Debug|Any CPU.Build.0 = Debug|Any CPU
		{DA73ADFF-AB55-4D06-93AD-DC3ABE877EE7}.Release|Any CPU.ActiveCfg = Release|Any CPU
		{DA73ADFF-AB55-4D06-93AD-DC3ABE877EE7}.Release|Any CPU.Build.0 = Release|Any CPU
		{60AB6B56-84E5-46B7-A156-5F1E692826B4}.Debug|Any CPU.ActiveCfg = Debug|Any CPU
		{60AB6B56-84E5-46B7-A156-5F1E692826B4}.Debug|Any CPU.Build.0 = Debug|Any CPU
		{60AB6B56-84E5-46B7-A156-5F1E692826B4}.Release|Any CPU.ActiveCfg = Release|Any CPU
		{60AB6B56-84E5-46B7-A156-5F1E692826B4}.Release|Any CPU.Build.0 = Release|Any CPU
		{83D7986F-44AD-479E-BC7C-111B88284803}.Debug|Any CPU.ActiveCfg = Debug|Any CPU
		{83D7986F-44AD-479E-BC7C-111B88284803}.Debug|Any CPU.Build.0 = Debug|Any CPU
		{83D7986F-44AD-479E-BC7C-111B88284803}.Release|Any CPU.ActiveCfg = Release|Any CPU
		{83D7986F-44AD-479E-BC7C-111B88284803}.Release|Any CPU.Build.0 = Release|Any CPU
		{1D1BD02D-4016-4A91-A892-985E60E0FF73}.Debug|Any CPU.ActiveCfg = Debug|Any CPU
		{1D1BD02D-4016-4A91-A892-985E60E0FF73}.Debug|Any CPU.Build.0 = Debug|Any CPU
		{1D1BD02D-4016-4A91-A892-985E60E0FF73}.Release|Any CPU.ActiveCfg = Release|Any CPU
		{1D1BD02D-4016-4A91-A892-985E60E0FF73}.Release|Any CPU.Build.0 = Release|Any CPU
	EndGlobalSection
	GlobalSection(SolutionProperties) = preSolution
		HideSolutionNode = FALSE
	EndGlobalSection
	GlobalSection(ExtensibilityGlobals) = postSolution
		SolutionGuid = {821BCCDC-2268-41DE-B3DE-60D1CA8C2E88}
	EndGlobalSection
EndGlobal
